// !$*UTF8*$!
{
	archiveVersion = 1;
	classes = {
	};
	objectVersion = 46;
	objects = {

/* Begin PBXBuildFile section */
		50165A701BA340C800ECADE8 /* FinderSyncStatusIcons.xcassets in Resources */ = {isa = PBXBuildFile; fileRef = 50165A6F1BA340C800ECADE8 /* FinderSyncStatusIcons.xcassets */; settings = {ASSET_TAGS = (); }; };
		502B764A1B9DEF640033787A /* libz.tbd in Frameworks */ = {isa = PBXBuildFile; fileRef = 502B76491B9DEF640033787A /* libz.tbd */; };
		503735DA1BA2403F00FE33BC /* SyncthingFolderExtension.swift in Sources */ = {isa = PBXBuildFile; fileRef = F11BC9B21A3E45E100360C2E /* SyncthingFolderExtension.swift */; };
		508425511BA234B300607A77 /* SyncthingStatus.h in Headers */ = {isa = PBXBuildFile; fileRef = 508425501BA234B300607A77 /* SyncthingStatus.h */; settings = {ATTRIBUTES = (Public, ); }; };
		508425581BA234B400607A77 /* SyncthingStatus.framework in Frameworks */ = {isa = PBXBuildFile; fileRef = 5084254E1BA234B300607A77 /* SyncthingStatus.framework */; settings = {ASSET_TAGS = (); }; };
		5084255F1BA234B400607A77 /* syncthing_statusTests.swift in Sources */ = {isa = PBXBuildFile; fileRef = 5084255E1BA234B400607A77 /* syncthing_statusTests.swift */; };
		508425631BA234B400607A77 /* SyncthingStatus.framework in Frameworks */ = {isa = PBXBuildFile; fileRef = 5084254E1BA234B300607A77 /* SyncthingStatus.framework */; };
		508425641BA234B400607A77 /* SyncthingStatus.framework in Embed Frameworks */ = {isa = PBXBuildFile; fileRef = 5084254E1BA234B300607A77 /* SyncthingStatus.framework */; settings = {ATTRIBUTES = (CodeSignOnCopy, RemoveHeadersOnCopy, ); }; };
		5084256D1BA236BB00607A77 /* Pods_syncthing_bar.framework in Frameworks */ = {isa = PBXBuildFile; fileRef = 5084256C1BA236BB00607A77 /* Pods_syncthing_bar.framework */; settings = {ATTRIBUTES = (Weak, ); }; };
		508425701BA238F100607A77 /* AlecrimCoreData.framework in Frameworks */ = {isa = PBXBuildFile; fileRef = 5084256F1BA238F100607A77 /* AlecrimCoreData.framework */; };
		509EA1BE1BA318F4006BAA7F /* Media.xcassets in Resources */ = {isa = PBXBuildFile; fileRef = 509EA1BD1BA318F4006BAA7F /* Media.xcassets */; settings = {ASSET_TAGS = (); }; };
		50A0ED2E1B40A4F500D38320 /* CoreServices.framework in Frameworks */ = {isa = PBXBuildFile; fileRef = 50A0ED2D1B40A4F500D38320 /* CoreServices.framework */; };
		50A0ED321B40B88600D38320 /* FileSystemWatcher.swift in Sources */ = {isa = PBXBuildFile; fileRef = 50A0ED311B40B88600D38320 /* FileSystemWatcher.swift */; };
		50E3D9581BA2E2AA003E3887 /* SyncthingStatusDataModel.xcdatamodeld in Sources */ = {isa = PBXBuildFile; fileRef = 50E3D9561BA2E2AA003E3887 /* SyncthingStatusDataModel.xcdatamodeld */; settings = {ASSET_TAGS = (); }; };
		50E3D95D1BA2E2D2003E3887 /* SyncthingFile.generated.swift in Sources */ = {isa = PBXBuildFile; fileRef = 50E3D9591BA2E2D2003E3887 /* SyncthingFile.generated.swift */; settings = {ASSET_TAGS = (); }; };
		50E3D95E1BA2E2D2003E3887 /* SyncthingFile.swift in Sources */ = {isa = PBXBuildFile; fileRef = 50E3D95A1BA2E2D2003E3887 /* SyncthingFile.swift */; settings = {ASSET_TAGS = (); }; };
		50E3D95F1BA2E2D2003E3887 /* SyncthingFolder.generated.swift in Sources */ = {isa = PBXBuildFile; fileRef = 50E3D95B1BA2E2D2003E3887 /* SyncthingFolder.generated.swift */; settings = {ASSET_TAGS = (); }; };
		50E3D9601BA2E2D2003E3887 /* SyncthingFolder.swift in Sources */ = {isa = PBXBuildFile; fileRef = 50E3D95C1BA2E2D2003E3887 /* SyncthingFolder.swift */; settings = {ASSET_TAGS = (); }; };
		50E3D96A1BA2EB6B003E3887 /* FinderSync.swift in Sources */ = {isa = PBXBuildFile; fileRef = 50E3D9691BA2EB6B003E3887 /* FinderSync.swift */; };
		50E3D96E1BA2EB6B003E3887 /* finderextension.appex in Embed App Extensions */ = {isa = PBXBuildFile; fileRef = 50E3D9651BA2EB6B003E3887 /* finderextension.appex */; settings = {ATTRIBUTES = (RemoveHeadersOnCopy, ); }; };
		50E3D9721BA2EB90003E3887 /* SyncthingStatus.framework in Frameworks */ = {isa = PBXBuildFile; fileRef = 5084254E1BA234B300607A77 /* SyncthingStatus.framework */; };
		50E3D9731BA2EB96003E3887 /* AlecrimCoreData.framework in Frameworks */ = {isa = PBXBuildFile; fileRef = 5084256F1BA238F100607A77 /* AlecrimCoreData.framework */; };
		50E3D9741BA2EB9C003E3887 /* CoreData.framework in Frameworks */ = {isa = PBXBuildFile; fileRef = 50F81CA71B94C47A00FD24A3 /* CoreData.framework */; };
		50F81C9C1B949F5500FD24A3 /* SyncthingActivityMonitor.swift in Sources */ = {isa = PBXBuildFile; fileRef = 50F81C9B1B949F5500FD24A3 /* SyncthingActivityMonitor.swift */; };
		50F81CA01B94A56900FD24A3 /* SyncthingActivityPullMonitor.swift in Sources */ = {isa = PBXBuildFile; fileRef = 50F81C9F1B94A56900FD24A3 /* SyncthingActivityPullMonitor.swift */; };
		50F81CA81B94C47A00FD24A3 /* CoreData.framework in Frameworks */ = {isa = PBXBuildFile; fileRef = 50F81CA71B94C47A00FD24A3 /* CoreData.framework */; };
		830680AC1B1C43D100B0B7A7 /* SettingsWindowController.swift in Sources */ = {isa = PBXBuildFile; fileRef = 830680AB1B1C43D100B0B7A7 /* SettingsWindowController.swift */; };
		830680AE1B1C448700B0B7A7 /* SettingsWindow.xib in Resources */ = {isa = PBXBuildFile; fileRef = 830680AD1B1C448700B0B7A7 /* SettingsWindow.xib */; };
		830680B01B1C801700B0B7A7 /* SyncthingSettings.swift in Sources */ = {isa = PBXBuildFile; fileRef = 830680AF1B1C801700B0B7A7 /* SyncthingSettings.swift */; };
		8310FB891B1F3DB500225E47 /* MonitorRunner.swift in Sources */ = {isa = PBXBuildFile; fileRef = 8310FB881B1F3DB500225E47 /* MonitorRunner.swift */; };
		B69269A498E828C29D7B406B /* Pods_syncthing_barTests.framework in Frameworks */ = {isa = PBXBuildFile; fileRef = 947C00A631CC8CE0C932078B /* Pods_syncthing_barTests.framework */; settings = {ATTRIBUTES = (Weak, ); }; };
		C7B48918FE1BB476F6F603FB /* Pods_syncthing_bar.framework in Frameworks */ = {isa = PBXBuildFile; fileRef = D13962FA73FDBDA3C69C390A /* Pods_syncthing_bar.framework */; settings = {ATTRIBUTES = (Weak, ); }; };
		F11BC9B11A3E20CA00360C2E /* syncthing in Resources */ = {isa = PBXBuildFile; fileRef = F11BC9B01A3E20CA00360C2E /* syncthing */; };
		F14B62FC1B39E2B90022C08F /* syncthing-bar.pdf in Resources */ = {isa = PBXBuildFile; fileRef = F1A2BD421A6178620014473E /* syncthing-bar.pdf */; };
		F14B62FD1B39E2F60022C08F /* Main.storyboard in Resources */ = {isa = PBXBuildFile; fileRef = F1A4E42B1A4587C300602986 /* Main.storyboard */; };
		F1B0205F1B39D057006BC805 /* SyncthingBarTests.swift in Sources */ = {isa = PBXBuildFile; fileRef = F1B0205E1B39D057006BC805 /* SyncthingBarTests.swift */; };
		F1B020621B39E269006BC805 /* SyncthingBar.swift in Sources */ = {isa = PBXBuildFile; fileRef = F1EE75F91A3D76B70028E6DD /* SyncthingBar.swift */; };
		F1B099071A3C40AD00B79D31 /* AppDelegate.swift in Sources */ = {isa = PBXBuildFile; fileRef = F1B099061A3C40AD00B79D31 /* AppDelegate.swift */; };
		F1B0990B1A3C40AD00B79D31 /* Images.xcassets in Resources */ = {isa = PBXBuildFile; fileRef = F1B0990A1A3C40AD00B79D31 /* Images.xcassets */; };
		F1B099281A3C4FA800B79D31 /* LogWindowController.swift in Sources */ = {isa = PBXBuildFile; fileRef = F1B099271A3C4FA700B79D31 /* LogWindowController.swift */; };
		F1B0992A1A3C764400B79D31 /* SyncthingRunner.swift in Sources */ = {isa = PBXBuildFile; fileRef = F1B099291A3C764400B79D31 /* SyncthingRunner.swift */; };
		F1B0992C1A3C77FC00B79D31 /* PortFinder.swift in Sources */ = {isa = PBXBuildFile; fileRef = F1B0992B1A3C77FC00B79D31 /* PortFinder.swift */; };
		F1BEE1461B185310001B5F8E /* LogWindow.xib in Resources */ = {isa = PBXBuildFile; fileRef = F1F8A6371A4016180049AFC1 /* LogWindow.xib */; };
		F1C594E51A3ED8830048CF9F /* SyncthingLog.swift in Sources */ = {isa = PBXBuildFile; fileRef = F1C594E41A3ED8830048CF9F /* SyncthingLog.swift */; };
/* End PBXBuildFile section */

/* Begin PBXContainerItemProxy section */
		508425591BA234B400607A77 /* PBXContainerItemProxy */ = {
			isa = PBXContainerItemProxy;
			containerPortal = F1B098F91A3C40AD00B79D31 /* Project object */;
			proxyType = 1;
			remoteGlobalIDString = 5084254D1BA234B300607A77;
			remoteInfo = "syncthing-status";
		};
		5084255B1BA234B400607A77 /* PBXContainerItemProxy */ = {
			isa = PBXContainerItemProxy;
			containerPortal = F1B098F91A3C40AD00B79D31 /* Project object */;
			proxyType = 1;
			remoteGlobalIDString = F1B099001A3C40AD00B79D31;
			remoteInfo = "syncthing-bar";
		};
		508425611BA234B400607A77 /* PBXContainerItemProxy */ = {
			isa = PBXContainerItemProxy;
			containerPortal = F1B098F91A3C40AD00B79D31 /* Project object */;
			proxyType = 1;
			remoteGlobalIDString = 5084254D1BA234B300607A77;
			remoteInfo = "syncthing-status";
		};
		50E3D96C1BA2EB6B003E3887 /* PBXContainerItemProxy */ = {
			isa = PBXContainerItemProxy;
			containerPortal = F1B098F91A3C40AD00B79D31 /* Project object */;
			proxyType = 1;
			remoteGlobalIDString = 50E3D9641BA2EB6B003E3887;
			remoteInfo = finderextension;
		};
		F1B099141A3C40AE00B79D31 /* PBXContainerItemProxy */ = {
			isa = PBXContainerItemProxy;
			containerPortal = F1B098F91A3C40AD00B79D31 /* Project object */;
			proxyType = 1;
			remoteGlobalIDString = F1B099001A3C40AD00B79D31;
			remoteInfo = "syncthing-bar";
		};
/* End PBXContainerItemProxy section */

/* Begin PBXCopyFilesBuildPhase section */
		505B3DC71B80E8340054C486 /* Embed App Extensions */ = {
			isa = PBXCopyFilesBuildPhase;
			buildActionMask = 2147483647;
			dstPath = "";
			dstSubfolderSpec = 13;
			files = (
				50E3D96E1BA2EB6B003E3887 /* finderextension.appex in Embed App Extensions */,
			);
			name = "Embed App Extensions";
			runOnlyForDeploymentPostprocessing = 0;
		};
		508425681BA234B400607A77 /* Embed Frameworks */ = {
			isa = PBXCopyFilesBuildPhase;
			buildActionMask = 2147483647;
			dstPath = "";
			dstSubfolderSpec = 10;
			files = (
				508425641BA234B400607A77 /* SyncthingStatus.framework in Embed Frameworks */,
			);
			name = "Embed Frameworks";
			runOnlyForDeploymentPostprocessing = 0;
		};
/* End PBXCopyFilesBuildPhase section */

/* Begin PBXFileReference section */
		50165A6F1BA340C800ECADE8 /* FinderSyncStatusIcons.xcassets */ = {isa = PBXFileReference; lastKnownFileType = folder.assetcatalog; path = FinderSyncStatusIcons.xcassets; sourceTree = "<group>"; };
		502B76491B9DEF640033787A /* libz.tbd */ = {isa = PBXFileReference; lastKnownFileType = "sourcecode.text-based-dylib-definition"; name = libz.tbd; path = usr/lib/libz.tbd; sourceTree = SDKROOT; };
		505B3DC91B814EC40054C486 /* Infanticide.sh */ = {isa = PBXFileReference; lastKnownFileType = text.script.sh; path = Infanticide.sh; sourceTree = "<group>"; };
		5084254E1BA234B300607A77 /* SyncthingStatus.framework */ = {isa = PBXFileReference; explicitFileType = wrapper.framework; includeInIndex = 0; path = SyncthingStatus.framework; sourceTree = BUILT_PRODUCTS_DIR; };
		508425501BA234B300607A77 /* SyncthingStatus.h */ = {isa = PBXFileReference; lastKnownFileType = sourcecode.c.h; path = SyncthingStatus.h; sourceTree = "<group>"; };
		508425521BA234B300607A77 /* Info.plist */ = {isa = PBXFileReference; lastKnownFileType = text.plist.xml; path = Info.plist; sourceTree = "<group>"; };
		508425571BA234B400607A77 /* SyncthingStatusTests.xctest */ = {isa = PBXFileReference; explicitFileType = wrapper.cfbundle; includeInIndex = 0; path = SyncthingStatusTests.xctest; sourceTree = BUILT_PRODUCTS_DIR; };
		5084255E1BA234B400607A77 /* syncthing_statusTests.swift */ = {isa = PBXFileReference; lastKnownFileType = sourcecode.swift; path = syncthing_statusTests.swift; sourceTree = "<group>"; };
		508425601BA234B400607A77 /* Info.plist */ = {isa = PBXFileReference; lastKnownFileType = text.plist.xml; path = Info.plist; sourceTree = "<group>"; };
		5084256C1BA236BB00607A77 /* Pods_syncthing_bar.framework */ = {isa = PBXFileReference; lastKnownFileType = wrapper.framework; name = Pods_syncthing_bar.framework; path = Pods/../build/Release/Pods_syncthing_bar.framework; sourceTree = "<group>"; };
		5084256F1BA238F100607A77 /* AlecrimCoreData.framework */ = {isa = PBXFileReference; lastKnownFileType = wrapper.framework; name = AlecrimCoreData.framework; path = "../../../../Library/Developer/Xcode/DerivedData/syncthing-bar-bmuljqzfjyhpaoaqofaaxysypepw/Build/Products/Debug/AlecrimCoreData.framework"; sourceTree = "<group>"; };
		509EA1BD1BA318F4006BAA7F /* Media.xcassets */ = {isa = PBXFileReference; lastKnownFileType = folder.assetcatalog; path = Media.xcassets; sourceTree = "<group>"; };
		50A0ED2D1B40A4F500D38320 /* CoreServices.framework */ = {isa = PBXFileReference; lastKnownFileType = wrapper.framework; name = CoreServices.framework; path = System/Library/Frameworks/CoreServices.framework; sourceTree = SDKROOT; };
		50A0ED2F1B40A69600D38320 /* CDEvents.framework */ = {isa = PBXFileReference; lastKnownFileType = wrapper.framework; name = CDEvents.framework; path = "Pods/../build/Debug/Pods-syncthing-bar/CDEvents.framework"; sourceTree = "<group>"; };
		50A0ED311B40B88600D38320 /* FileSystemWatcher.swift */ = {isa = PBXFileReference; fileEncoding = 4; lastKnownFileType = sourcecode.swift; path = FileSystemWatcher.swift; sourceTree = "<group>"; };
		50E3D9571BA2E2AA003E3887 /* SyncthingStatusDataModel.xcdatamodel */ = {isa = PBXFileReference; lastKnownFileType = wrapper.xcdatamodel; path = SyncthingStatusDataModel.xcdatamodel; sourceTree = "<group>"; };
		50E3D9591BA2E2D2003E3887 /* SyncthingFile.generated.swift */ = {isa = PBXFileReference; fileEncoding = 4; lastKnownFileType = sourcecode.swift; path = SyncthingFile.generated.swift; sourceTree = "<group>"; };
		50E3D95A1BA2E2D2003E3887 /* SyncthingFile.swift */ = {isa = PBXFileReference; fileEncoding = 4; lastKnownFileType = sourcecode.swift; path = SyncthingFile.swift; sourceTree = "<group>"; };
		50E3D95B1BA2E2D2003E3887 /* SyncthingFolder.generated.swift */ = {isa = PBXFileReference; fileEncoding = 4; lastKnownFileType = sourcecode.swift; path = SyncthingFolder.generated.swift; sourceTree = "<group>"; };
		50E3D95C1BA2E2D2003E3887 /* SyncthingFolder.swift */ = {isa = PBXFileReference; fileEncoding = 4; lastKnownFileType = sourcecode.swift; path = SyncthingFolder.swift; sourceTree = "<group>"; };
		50E3D9651BA2EB6B003E3887 /* finderextension.appex */ = {isa = PBXFileReference; explicitFileType = "wrapper.app-extension"; includeInIndex = 0; path = finderextension.appex; sourceTree = BUILT_PRODUCTS_DIR; };
		50E3D9681BA2EB6B003E3887 /* finderextension.entitlements */ = {isa = PBXFileReference; lastKnownFileType = text.xml; path = finderextension.entitlements; sourceTree = "<group>"; };
		50E3D9691BA2EB6B003E3887 /* FinderSync.swift */ = {isa = PBXFileReference; lastKnownFileType = sourcecode.swift; path = FinderSync.swift; sourceTree = "<group>"; };
		50E3D96B1BA2EB6B003E3887 /* Info.plist */ = {isa = PBXFileReference; lastKnownFileType = text.plist.xml; path = Info.plist; sourceTree = "<group>"; };
		50F15A251B9CD15C00710746 /* syncthing-bar.entitlements */ = {isa = PBXFileReference; lastKnownFileType = text.xml; path = "syncthing-bar.entitlements"; sourceTree = "<group>"; };
		50F81C9B1B949F5500FD24A3 /* SyncthingActivityMonitor.swift */ = {isa = PBXFileReference; fileEncoding = 4; lastKnownFileType = sourcecode.swift; path = SyncthingActivityMonitor.swift; sourceTree = "<group>"; };
		50F81C9F1B94A56900FD24A3 /* SyncthingActivityPullMonitor.swift */ = {isa = PBXFileReference; fileEncoding = 4; lastKnownFileType = sourcecode.swift; path = SyncthingActivityPullMonitor.swift; sourceTree = "<group>"; };
		50F81CA71B94C47A00FD24A3 /* CoreData.framework */ = {isa = PBXFileReference; lastKnownFileType = wrapper.framework; name = CoreData.framework; path = System/Library/Frameworks/CoreData.framework; sourceTree = SDKROOT; };
		5EC98A7DF4B416468DE498E2 /* Pods-syncthing-barTests.debug.xcconfig */ = {isa = PBXFileReference; includeInIndex = 1; lastKnownFileType = text.xcconfig; name = "Pods-syncthing-barTests.debug.xcconfig"; path = "Pods/Target Support Files/Pods-syncthing-barTests/Pods-syncthing-barTests.debug.xcconfig"; sourceTree = "<group>"; };
		830680AB1B1C43D100B0B7A7 /* SettingsWindowController.swift */ = {isa = PBXFileReference; fileEncoding = 4; lastKnownFileType = sourcecode.swift; path = SettingsWindowController.swift; sourceTree = "<group>"; };
		830680AD1B1C448700B0B7A7 /* SettingsWindow.xib */ = {isa = PBXFileReference; fileEncoding = 4; lastKnownFileType = file.xib; path = SettingsWindow.xib; sourceTree = "<group>"; };
		830680AF1B1C801700B0B7A7 /* SyncthingSettings.swift */ = {isa = PBXFileReference; fileEncoding = 4; lastKnownFileType = sourcecode.swift; path = SyncthingSettings.swift; sourceTree = "<group>"; };
		8310FB881B1F3DB500225E47 /* MonitorRunner.swift */ = {isa = PBXFileReference; fileEncoding = 4; lastKnownFileType = sourcecode.swift; path = MonitorRunner.swift; sourceTree = "<group>"; };
		947C00A631CC8CE0C932078B /* Pods_syncthing_barTests.framework */ = {isa = PBXFileReference; explicitFileType = wrapper.framework; includeInIndex = 0; path = Pods_syncthing_barTests.framework; sourceTree = BUILT_PRODUCTS_DIR; };
		97E48F46AAC93341ED71C6AA /* Pods-syncthing-bar.release.xcconfig */ = {isa = PBXFileReference; includeInIndex = 1; lastKnownFileType = text.xcconfig; name = "Pods-syncthing-bar.release.xcconfig"; path = "Pods/Target Support Files/Pods-syncthing-bar/Pods-syncthing-bar.release.xcconfig"; sourceTree = "<group>"; };
		C2A8A5B71829731241807EE4 /* Pods-syncthing-bar.debug.xcconfig */ = {isa = PBXFileReference; includeInIndex = 1; lastKnownFileType = text.xcconfig; name = "Pods-syncthing-bar.debug.xcconfig"; path = "Pods/Target Support Files/Pods-syncthing-bar/Pods-syncthing-bar.debug.xcconfig"; sourceTree = "<group>"; };
		CF075EE05B6BBD1BE76F7193 /* Pods-syncthing-barTests.release.xcconfig */ = {isa = PBXFileReference; includeInIndex = 1; lastKnownFileType = text.xcconfig; name = "Pods-syncthing-barTests.release.xcconfig"; path = "Pods/Target Support Files/Pods-syncthing-barTests/Pods-syncthing-barTests.release.xcconfig"; sourceTree = "<group>"; };
		D13962FA73FDBDA3C69C390A /* Pods_syncthing_bar.framework */ = {isa = PBXFileReference; explicitFileType = wrapper.framework; includeInIndex = 0; path = Pods_syncthing_bar.framework; sourceTree = BUILT_PRODUCTS_DIR; };
		F11BC9B01A3E20CA00360C2E /* syncthing */ = {isa = PBXFileReference; lastKnownFileType = "compiled.mach-o.executable"; path = syncthing; sourceTree = "<group>"; };
		F11BC9B21A3E45E100360C2E /* SyncthingFolderExtension.swift */ = {isa = PBXFileReference; fileEncoding = 4; lastKnownFileType = sourcecode.swift; name = SyncthingFolderExtension.swift; path = "../syncthing-bar/SyncthingFolderExtension.swift"; sourceTree = "<group>"; };
		F1A2BD421A6178620014473E /* syncthing-bar.pdf */ = {isa = PBXFileReference; lastKnownFileType = image.pdf; path = "syncthing-bar.pdf"; sourceTree = "<group>"; };
		F1A4E42C1A4587C300602986 /* Base */ = {isa = PBXFileReference; lastKnownFileType = file.storyboard; name = Base; path = "syncthing-bar/Base.lproj/Main.storyboard"; sourceTree = "<group>"; };
		F1B0205E1B39D057006BC805 /* SyncthingBarTests.swift */ = {isa = PBXFileReference; fileEncoding = 4; lastKnownFileType = sourcecode.swift; path = SyncthingBarTests.swift; sourceTree = "<group>"; };
		F1B099011A3C40AD00B79D31 /* syncthing-bar.app */ = {isa = PBXFileReference; explicitFileType = wrapper.application; includeInIndex = 0; path = "syncthing-bar.app"; sourceTree = BUILT_PRODUCTS_DIR; };
		F1B099051A3C40AD00B79D31 /* Info.plist */ = {isa = PBXFileReference; lastKnownFileType = text.plist.xml; path = Info.plist; sourceTree = "<group>"; };
		F1B099061A3C40AD00B79D31 /* AppDelegate.swift */ = {isa = PBXFileReference; lastKnownFileType = sourcecode.swift; path = AppDelegate.swift; sourceTree = "<group>"; };
		F1B0990A1A3C40AD00B79D31 /* Images.xcassets */ = {isa = PBXFileReference; lastKnownFileType = folder.assetcatalog; path = Images.xcassets; sourceTree = "<group>"; };
		F1B099131A3C40AE00B79D31 /* syncthing-barTests.xctest */ = {isa = PBXFileReference; explicitFileType = wrapper.cfbundle; includeInIndex = 0; path = "syncthing-barTests.xctest"; sourceTree = BUILT_PRODUCTS_DIR; };
		F1B099181A3C40AE00B79D31 /* Info.plist */ = {isa = PBXFileReference; lastKnownFileType = text.plist.xml; path = Info.plist; sourceTree = "<group>"; };
		F1B099271A3C4FA700B79D31 /* LogWindowController.swift */ = {isa = PBXFileReference; fileEncoding = 4; lastKnownFileType = sourcecode.swift; path = LogWindowController.swift; sourceTree = "<group>"; };
		F1B099291A3C764400B79D31 /* SyncthingRunner.swift */ = {isa = PBXFileReference; fileEncoding = 4; lastKnownFileType = sourcecode.swift; path = SyncthingRunner.swift; sourceTree = "<group>"; };
		F1B0992B1A3C77FC00B79D31 /* PortFinder.swift */ = {isa = PBXFileReference; fileEncoding = 4; lastKnownFileType = sourcecode.swift; path = PortFinder.swift; sourceTree = "<group>"; };
		F1C594E41A3ED8830048CF9F /* SyncthingLog.swift */ = {isa = PBXFileReference; fileEncoding = 4; lastKnownFileType = sourcecode.swift; path = SyncthingLog.swift; sourceTree = "<group>"; };
		F1EE75F91A3D76B70028E6DD /* SyncthingBar.swift */ = {isa = PBXFileReference; fileEncoding = 4; lastKnownFileType = sourcecode.swift; path = SyncthingBar.swift; sourceTree = "<group>"; };
		F1F8A6371A4016180049AFC1 /* LogWindow.xib */ = {isa = PBXFileReference; fileEncoding = 4; lastKnownFileType = file.xib; path = LogWindow.xib; sourceTree = "<group>"; };
/* End PBXFileReference section */

/* Begin PBXFrameworksBuildPhase section */
		5084254A1BA234B300607A77 /* Frameworks */ = {
			isa = PBXFrameworksBuildPhase;
			buildActionMask = 2147483647;
			files = (
				508425701BA238F100607A77 /* AlecrimCoreData.framework in Frameworks */,
				5084256D1BA236BB00607A77 /* Pods_syncthing_bar.framework in Frameworks */,
			);
			runOnlyForDeploymentPostprocessing = 0;
		};
		508425541BA234B400607A77 /* Frameworks */ = {
			isa = PBXFrameworksBuildPhase;
			buildActionMask = 2147483647;
			files = (
				508425581BA234B400607A77 /* SyncthingStatus.framework in Frameworks */,
			);
			runOnlyForDeploymentPostprocessing = 0;
		};
		50E3D9621BA2EB6B003E3887 /* Frameworks */ = {
			isa = PBXFrameworksBuildPhase;
			buildActionMask = 2147483647;
			files = (
				50E3D9741BA2EB9C003E3887 /* CoreData.framework in Frameworks */,
				50E3D9731BA2EB96003E3887 /* AlecrimCoreData.framework in Frameworks */,
				50E3D9721BA2EB90003E3887 /* SyncthingStatus.framework in Frameworks */,
			);
			runOnlyForDeploymentPostprocessing = 0;
		};
		F1B098FE1A3C40AD00B79D31 /* Frameworks */ = {
			isa = PBXFrameworksBuildPhase;
			buildActionMask = 2147483647;
			files = (
				502B764A1B9DEF640033787A /* libz.tbd in Frameworks */,
				50F81CA81B94C47A00FD24A3 /* CoreData.framework in Frameworks */,
				508425631BA234B400607A77 /* SyncthingStatus.framework in Frameworks */,
				50A0ED2E1B40A4F500D38320 /* CoreServices.framework in Frameworks */,
				C7B48918FE1BB476F6F603FB /* Pods_syncthing_bar.framework in Frameworks */,
			);
			runOnlyForDeploymentPostprocessing = 0;
		};
		F1B099101A3C40AE00B79D31 /* Frameworks */ = {
			isa = PBXFrameworksBuildPhase;
			buildActionMask = 2147483647;
			files = (
				B69269A498E828C29D7B406B /* Pods_syncthing_barTests.framework in Frameworks */,
			);
			runOnlyForDeploymentPostprocessing = 0;
		};
/* End PBXFrameworksBuildPhase section */

/* Begin PBXGroup section */
		1FEA51CF8314C10071FACC99 /* Frameworks */ = {
			isa = PBXGroup;
			children = (
				5084256F1BA238F100607A77 /* AlecrimCoreData.framework */,
				5084256C1BA236BB00607A77 /* Pods_syncthing_bar.framework */,
				502B76491B9DEF640033787A /* libz.tbd */,
				50F81CA71B94C47A00FD24A3 /* CoreData.framework */,
				50A0ED2F1B40A69600D38320 /* CDEvents.framework */,
				D13962FA73FDBDA3C69C390A /* Pods_syncthing_bar.framework */,
				947C00A631CC8CE0C932078B /* Pods_syncthing_barTests.framework */,
			);
			name = Frameworks;
			sourceTree = "<group>";
		};
		5084254F1BA234B300607A77 /* SyncthingStatus */ = {
			isa = PBXGroup;
			children = (
				509EA1BD1BA318F4006BAA7F /* Media.xcassets */,
				50C7412B1B9CFAE300EEB10B /* Generated */,
				F11BC9B21A3E45E100360C2E /* SyncthingFolderExtension.swift */,
				508425501BA234B300607A77 /* SyncthingStatus.h */,
				508425521BA234B300607A77 /* Info.plist */,
				50E3D9561BA2E2AA003E3887 /* SyncthingStatusDataModel.xcdatamodeld */,
			);
			name = SyncthingStatus;
			path = "syncthing-status";
			sourceTree = "<group>";
		};
		5084255D1BA234B400607A77 /* syncthing-statusTests */ = {
			isa = PBXGroup;
			children = (
				5084255E1BA234B400607A77 /* syncthing_statusTests.swift */,
				508425601BA234B400607A77 /* Info.plist */,
			);
			path = "syncthing-statusTests";
			sourceTree = "<group>";
		};
		50C7412B1B9CFAE300EEB10B /* Generated */ = {
			isa = PBXGroup;
			children = (
				50E3D9591BA2E2D2003E3887 /* SyncthingFile.generated.swift */,
				50E3D95A1BA2E2D2003E3887 /* SyncthingFile.swift */,
				50E3D95B1BA2E2D2003E3887 /* SyncthingFolder.generated.swift */,
				50E3D95C1BA2E2D2003E3887 /* SyncthingFolder.swift */,
			);
			name = Generated;
			path = "../syncthing-bar";
			sourceTree = "<group>";
		};
		50E3D9661BA2EB6B003E3887 /* finderextension */ = {
			isa = PBXGroup;
			children = (
				50E3D9691BA2EB6B003E3887 /* FinderSync.swift */,
				50E3D96B1BA2EB6B003E3887 /* Info.plist */,
				50E3D9671BA2EB6B003E3887 /* Supporting Files */,
				50165A6F1BA340C800ECADE8 /* FinderSyncStatusIcons.xcassets */,
			);
			path = finderextension;
			sourceTree = "<group>";
		};
		50E3D9671BA2EB6B003E3887 /* Supporting Files */ = {
			isa = PBXGroup;
			children = (
				50E3D9681BA2EB6B003E3887 /* finderextension.entitlements */,
			);
			name = "Supporting Files";
			sourceTree = "<group>";
		};
		50F81C9D1B949FC100FD24A3 /* Interface */ = {
			isa = PBXGroup;
			children = (
				830680AB1B1C43D100B0B7A7 /* SettingsWindowController.swift */,
				830680AD1B1C448700B0B7A7 /* SettingsWindow.xib */,
				F1B099271A3C4FA700B79D31 /* LogWindowController.swift */,
				F1F8A6371A4016180049AFC1 /* LogWindow.xib */,
				F1EE75F91A3D76B70028E6DD /* SyncthingBar.swift */,
				F1A4E42B1A4587C300602986 /* Main.storyboard */,
				F1B0990A1A3C40AD00B79D31 /* Images.xcassets */,
			);
			name = Interface;
			sourceTree = "<group>";
		};
		50F81C9E1B94A03F00FD24A3 /* Sycthing Runner */ = {
			isa = PBXGroup;
			children = (
				F1B099291A3C764400B79D31 /* SyncthingRunner.swift */,
				F1B0992B1A3C77FC00B79D31 /* PortFinder.swift */,
				8310FB881B1F3DB500225E47 /* MonitorRunner.swift */,
				505B3DC91B814EC40054C486 /* Infanticide.sh */,
				50F81C9B1B949F5500FD24A3 /* SyncthingActivityMonitor.swift */,
				50F81C9F1B94A56900FD24A3 /* SyncthingActivityPullMonitor.swift */,
			);
			name = "Sycthing Runner";
			sourceTree = "<group>";
		};
		52F2B516DF59AE1E623413BE /* Pods */ = {
			isa = PBXGroup;
			children = (
				C2A8A5B71829731241807EE4 /* Pods-syncthing-bar.debug.xcconfig */,
				97E48F46AAC93341ED71C6AA /* Pods-syncthing-bar.release.xcconfig */,
				5EC98A7DF4B416468DE498E2 /* Pods-syncthing-barTests.debug.xcconfig */,
				CF075EE05B6BBD1BE76F7193 /* Pods-syncthing-barTests.release.xcconfig */,
			);
			name = Pods;
			sourceTree = "<group>";
		};
		F11BC9AF1A3E202700360C2E /* binary */ = {
			isa = PBXGroup;
			children = (
				F11BC9B01A3E20CA00360C2E /* syncthing */,
			);
			name = binary;
			sourceTree = "<group>";
		};
		F1B098F81A3C40AD00B79D31 = {
			isa = PBXGroup;
			children = (
				F1F6D6371A41E58400E972D0 /* Resources */,
				F11BC9AF1A3E202700360C2E /* binary */,
				F1B099031A3C40AD00B79D31 /* syncthing-bar */,
				F1B099161A3C40AE00B79D31 /* syncthing-barTests */,
				5084254F1BA234B300607A77 /* SyncthingStatus */,
				5084255D1BA234B400607A77 /* syncthing-statusTests */,
				50E3D9661BA2EB6B003E3887 /* finderextension */,
				52F2B516DF59AE1E623413BE /* Pods */,
				1FEA51CF8314C10071FACC99 /* Frameworks */,
				F1B099021A3C40AD00B79D31 /* Products */,
			);
			sourceTree = "<group>";
		};
		F1B099021A3C40AD00B79D31 /* Products */ = {
			isa = PBXGroup;
			children = (
				F1B099011A3C40AD00B79D31 /* syncthing-bar.app */,
				F1B099131A3C40AE00B79D31 /* syncthing-barTests.xctest */,
				5084254E1BA234B300607A77 /* SyncthingStatus.framework */,
				508425571BA234B400607A77 /* SyncthingStatusTests.xctest */,
				50E3D9651BA2EB6B003E3887 /* finderextension.appex */,
			);
			name = Products;
			sourceTree = "<group>";
		};
		F1B099031A3C40AD00B79D31 /* syncthing-bar */ = {
			isa = PBXGroup;
			children = (
				50F81C9E1B94A03F00FD24A3 /* Sycthing Runner */,
				50F81C9D1B949FC100FD24A3 /* Interface */,
				F1B099061A3C40AD00B79D31 /* AppDelegate.swift */,
				F1C594E41A3ED8830048CF9F /* SyncthingLog.swift */,
				50A0ED311B40B88600D38320 /* FileSystemWatcher.swift */,
				830680AF1B1C801700B0B7A7 /* SyncthingSettings.swift */,
				F1B099041A3C40AD00B79D31 /* Supporting Files */,
			);
			path = "syncthing-bar";
			sourceTree = "<group>";
		};
		F1B099041A3C40AD00B79D31 /* Supporting Files */ = {
			isa = PBXGroup;
			children = (
				50F15A251B9CD15C00710746 /* syncthing-bar.entitlements */,
				50A0ED2D1B40A4F500D38320 /* CoreServices.framework */,
				F1B099051A3C40AD00B79D31 /* Info.plist */,
			);
			name = "Supporting Files";
			sourceTree = "<group>";
		};
		F1B099161A3C40AE00B79D31 /* syncthing-barTests */ = {
			isa = PBXGroup;
			children = (
				F1B099171A3C40AE00B79D31 /* Supporting Files */,
				F1B0205E1B39D057006BC805 /* SyncthingBarTests.swift */,
			);
			path = "syncthing-barTests";
			sourceTree = "<group>";
		};
		F1B099171A3C40AE00B79D31 /* Supporting Files */ = {
			isa = PBXGroup;
			children = (
				F1B099181A3C40AE00B79D31 /* Info.plist */,
			);
			name = "Supporting Files";
			sourceTree = "<group>";
		};
		F1F6D6371A41E58400E972D0 /* Resources */ = {
			isa = PBXGroup;
			children = (
				F1A2BD421A6178620014473E /* syncthing-bar.pdf */,
			);
			path = Resources;
			sourceTree = "<group>";
		};
/* End PBXGroup section */

/* Begin PBXHeadersBuildPhase section */
		5084254B1BA234B300607A77 /* Headers */ = {
			isa = PBXHeadersBuildPhase;
			buildActionMask = 2147483647;
			files = (
				508425511BA234B300607A77 /* SyncthingStatus.h in Headers */,
			);
			runOnlyForDeploymentPostprocessing = 0;
		};
/* End PBXHeadersBuildPhase section */

/* Begin PBXNativeTarget section */
		5084254D1BA234B300607A77 /* SyncthingStatus */ = {
			isa = PBXNativeTarget;
			buildConfigurationList = 508425651BA234B400607A77 /* Build configuration list for PBXNativeTarget "SyncthingStatus" */;
			buildPhases = (
				508425491BA234B300607A77 /* Sources */,
				5084254A1BA234B300607A77 /* Frameworks */,
				5084254B1BA234B300607A77 /* Headers */,
				5084254C1BA234B300607A77 /* Resources */,
			);
			buildRules = (
			);
			dependencies = (
			);
			name = SyncthingStatus;
			productName = "syncthing-status";
			productReference = 5084254E1BA234B300607A77 /* SyncthingStatus.framework */;
			productType = "com.apple.product-type.framework";
		};
		508425561BA234B400607A77 /* SyncthingStatusTests */ = {
			isa = PBXNativeTarget;
			buildConfigurationList = 508425691BA234B400607A77 /* Build configuration list for PBXNativeTarget "SyncthingStatusTests" */;
			buildPhases = (
				508425531BA234B400607A77 /* Sources */,
				508425541BA234B400607A77 /* Frameworks */,
				508425551BA234B400607A77 /* Resources */,
			);
			buildRules = (
			);
			dependencies = (
				5084255A1BA234B400607A77 /* PBXTargetDependency */,
				5084255C1BA234B400607A77 /* PBXTargetDependency */,
			);
			name = SyncthingStatusTests;
			productName = "syncthing-statusTests";
			productReference = 508425571BA234B400607A77 /* SyncthingStatusTests.xctest */;
			productType = "com.apple.product-type.bundle.unit-test";
		};
		50E3D9641BA2EB6B003E3887 /* finderextension */ = {
			isa = PBXNativeTarget;
			buildConfigurationList = 50E3D96F1BA2EB6C003E3887 /* Build configuration list for PBXNativeTarget "finderextension" */;
			buildPhases = (
				50E3D9611BA2EB6B003E3887 /* Sources */,
				50E3D9621BA2EB6B003E3887 /* Frameworks */,
				50E3D9631BA2EB6B003E3887 /* Resources */,
			);
			buildRules = (
			);
			dependencies = (
			);
			name = finderextension;
			productName = finderextension;
			productReference = 50E3D9651BA2EB6B003E3887 /* finderextension.appex */;
			productType = "com.apple.product-type.app-extension";
		};
		F1B099001A3C40AD00B79D31 /* syncthing-bar */ = {
			isa = PBXNativeTarget;
			buildConfigurationList = F1B0991D1A3C40AE00B79D31 /* Build configuration list for PBXNativeTarget "syncthing-bar" */;
			buildPhases = (
				8BC908DE696A4E7702B12BD9 /* Check Pods Manifest.lock */,
				F1B098FD1A3C40AD00B79D31 /* Sources */,
				F1B098FE1A3C40AD00B79D31 /* Frameworks */,
				F1B098FF1A3C40AD00B79D31 /* Resources */,
				4049500993AE7D0D51FD5990 /* Copy Pods Resources */,
				8E777BAD8F257977F2347BF1 /* Embed Pods Frameworks */,
				505B3DC71B80E8340054C486 /* Embed App Extensions */,
				508425681BA234B400607A77 /* Embed Frameworks */,
			);
			buildRules = (
			);
			dependencies = (
				508425621BA234B400607A77 /* PBXTargetDependency */,
				50E3D96D1BA2EB6B003E3887 /* PBXTargetDependency */,
			);
			name = "syncthing-bar";
			productName = "syncthing-bar";
			productReference = F1B099011A3C40AD00B79D31 /* syncthing-bar.app */;
			productType = "com.apple.product-type.application";
		};
		F1B099121A3C40AE00B79D31 /* syncthing-barTests */ = {
			isa = PBXNativeTarget;
			buildConfigurationList = F1B099201A3C40AE00B79D31 /* Build configuration list for PBXNativeTarget "syncthing-barTests" */;
			buildPhases = (
				2F997624CD5D85F18676E9B8 /* Check Pods Manifest.lock */,
				F1B0990F1A3C40AE00B79D31 /* Sources */,
				F1B099101A3C40AE00B79D31 /* Frameworks */,
				F1B099111A3C40AE00B79D31 /* Resources */,
				CD0E600B9A28D0914F090FEC /* Embed Pods Frameworks */,
				DA1E6C02F2DF9DC0C89FAAB7 /* Copy Pods Resources */,
			);
			buildRules = (
			);
			dependencies = (
				F1B099151A3C40AE00B79D31 /* PBXTargetDependency */,
			);
			name = "syncthing-barTests";
			productName = "syncthing-barTests";
			productReference = F1B099131A3C40AE00B79D31 /* syncthing-barTests.xctest */;
			productType = "com.apple.product-type.bundle.unit-test";
		};
/* End PBXNativeTarget section */

/* Begin PBXProject section */
		F1B098F91A3C40AD00B79D31 /* Project object */ = {
			isa = PBXProject;
			attributes = {
				LastSwiftMigration = 0700;
				LastSwiftUpdateCheck = 0700;
				LastUpgradeCheck = 0700;
				ORGANIZATIONNAME = mop;
				TargetAttributes = {
					5084254D1BA234B300607A77 = {
						CreatedOnToolsVersion = 7.0;
						DevelopmentTeam = 32UY78MNXE;
					};
					508425561BA234B400607A77 = {
						CreatedOnToolsVersion = 7.0;
						TestTargetID = F1B099001A3C40AD00B79D31;
					};
					50E3D9641BA2EB6B003E3887 = {
						CreatedOnToolsVersion = 7.0;
						DevelopmentTeam = 32UY78MNXE;
						SystemCapabilities = {
							com.apple.ApplicationGroups.Mac = {
								enabled = 1;
							};
						};
					};
					F1B099001A3C40AD00B79D31 = {
						CreatedOnToolsVersion = 6.1;
						DevelopmentTeam = 32UY78MNXE;
						SystemCapabilities = {
							com.apple.ApplicationGroups.Mac = {
								enabled = 1;
							};
						};
					};
					F1B099121A3C40AE00B79D31 = {
						CreatedOnToolsVersion = 6.1;
						TestTargetID = F1B099001A3C40AD00B79D31;
					};
				};
			};
			buildConfigurationList = F1B098FC1A3C40AD00B79D31 /* Build configuration list for PBXProject "syncthing-bar" */;
			compatibilityVersion = "Xcode 3.2";
			developmentRegion = English;
			hasScannedForEncodings = 0;
			knownRegions = (
				en,
				Base,
			);
			mainGroup = F1B098F81A3C40AD00B79D31;
			productRefGroup = F1B099021A3C40AD00B79D31 /* Products */;
			projectDirPath = "";
			projectRoot = "";
			targets = (
				F1B099001A3C40AD00B79D31 /* syncthing-bar */,
				F1B099121A3C40AE00B79D31 /* syncthing-barTests */,
				5084254D1BA234B300607A77 /* SyncthingStatus */,
				508425561BA234B400607A77 /* SyncthingStatusTests */,
				50E3D9641BA2EB6B003E3887 /* finderextension */,
			);
		};
/* End PBXProject section */

/* Begin PBXResourcesBuildPhase section */
		5084254C1BA234B300607A77 /* Resources */ = {
			isa = PBXResourcesBuildPhase;
			buildActionMask = 2147483647;
			files = (
				509EA1BE1BA318F4006BAA7F /* Media.xcassets in Resources */,
			);
			runOnlyForDeploymentPostprocessing = 0;
		};
		508425551BA234B400607A77 /* Resources */ = {
			isa = PBXResourcesBuildPhase;
			buildActionMask = 2147483647;
			files = (
			);
			runOnlyForDeploymentPostprocessing = 0;
		};
		50E3D9631BA2EB6B003E3887 /* Resources */ = {
			isa = PBXResourcesBuildPhase;
			buildActionMask = 2147483647;
			files = (
				50165A701BA340C800ECADE8 /* FinderSyncStatusIcons.xcassets in Resources */,
			);
			runOnlyForDeploymentPostprocessing = 0;
		};
		F1B098FF1A3C40AD00B79D31 /* Resources */ = {
			isa = PBXResourcesBuildPhase;
			buildActionMask = 2147483647;
			files = (
				F11BC9B11A3E20CA00360C2E /* syncthing in Resources */,
				830680AE1B1C448700B0B7A7 /* SettingsWindow.xib in Resources */,
				F14B62FC1B39E2B90022C08F /* syncthing-bar.pdf in Resources */,
				F14B62FD1B39E2F60022C08F /* Main.storyboard in Resources */,
				F1BEE1461B185310001B5F8E /* LogWindow.xib in Resources */,
				F1B0990B1A3C40AD00B79D31 /* Images.xcassets in Resources */,
			);
			runOnlyForDeploymentPostprocessing = 0;
		};
		F1B099111A3C40AE00B79D31 /* Resources */ = {
			isa = PBXResourcesBuildPhase;
			buildActionMask = 2147483647;
			files = (
			);
			runOnlyForDeploymentPostprocessing = 0;
		};
/* End PBXResourcesBuildPhase section */

/* Begin PBXShellScriptBuildPhase section */
		2F997624CD5D85F18676E9B8 /* Check Pods Manifest.lock */ = {
			isa = PBXShellScriptBuildPhase;
			buildActionMask = 2147483647;
			files = (
			);
			inputPaths = (
			);
			name = "Check Pods Manifest.lock";
			outputPaths = (
			);
			runOnlyForDeploymentPostprocessing = 0;
			shellPath = /bin/sh;
			shellScript = "diff \"${PODS_ROOT}/../Podfile.lock\" \"${PODS_ROOT}/Manifest.lock\" > /dev/null\nif [[ $? != 0 ]] ; then\n    cat << EOM\nerror: The sandbox is not in sync with the Podfile.lock. Run 'pod install' or update your CocoaPods installation.\nEOM\n    exit 1\nfi\n";
			showEnvVarsInLog = 0;
		};
		4049500993AE7D0D51FD5990 /* Copy Pods Resources */ = {
			isa = PBXShellScriptBuildPhase;
			buildActionMask = 2147483647;
			files = (
			);
			inputPaths = (
			);
			name = "Copy Pods Resources";
			outputPaths = (
			);
			runOnlyForDeploymentPostprocessing = 0;
			shellPath = /bin/sh;
			shellScript = "\"${SRCROOT}/Pods/Target Support Files/Pods-syncthing-bar/Pods-syncthing-bar-resources.sh\"\n";
			showEnvVarsInLog = 0;
		};
		8BC908DE696A4E7702B12BD9 /* Check Pods Manifest.lock */ = {
			isa = PBXShellScriptBuildPhase;
			buildActionMask = 2147483647;
			files = (
			);
			inputPaths = (
			);
			name = "Check Pods Manifest.lock";
			outputPaths = (
			);
			runOnlyForDeploymentPostprocessing = 0;
			shellPath = /bin/sh;
			shellScript = "diff \"${PODS_ROOT}/../Podfile.lock\" \"${PODS_ROOT}/Manifest.lock\" > /dev/null\nif [[ $? != 0 ]] ; then\n    cat << EOM\nerror: The sandbox is not in sync with the Podfile.lock. Run 'pod install' or update your CocoaPods installation.\nEOM\n    exit 1\nfi\n";
			showEnvVarsInLog = 0;
		};
		8E777BAD8F257977F2347BF1 /* Embed Pods Frameworks */ = {
			isa = PBXShellScriptBuildPhase;
			buildActionMask = 2147483647;
			files = (
			);
			inputPaths = (
			);
			name = "Embed Pods Frameworks";
			outputPaths = (
			);
			runOnlyForDeploymentPostprocessing = 0;
			shellPath = /bin/sh;
			shellScript = "\"${SRCROOT}/Pods/Target Support Files/Pods-syncthing-bar/Pods-syncthing-bar-frameworks.sh\"\n";
			showEnvVarsInLog = 0;
		};
		CD0E600B9A28D0914F090FEC /* Embed Pods Frameworks */ = {
			isa = PBXShellScriptBuildPhase;
			buildActionMask = 2147483647;
			files = (
			);
			inputPaths = (
			);
			name = "Embed Pods Frameworks";
			outputPaths = (
			);
			runOnlyForDeploymentPostprocessing = 0;
			shellPath = /bin/sh;
			shellScript = "\"${SRCROOT}/Pods/Target Support Files/Pods-syncthing-barTests/Pods-syncthing-barTests-frameworks.sh\"\n";
			showEnvVarsInLog = 0;
		};
		DA1E6C02F2DF9DC0C89FAAB7 /* Copy Pods Resources */ = {
			isa = PBXShellScriptBuildPhase;
			buildActionMask = 2147483647;
			files = (
			);
			inputPaths = (
			);
			name = "Copy Pods Resources";
			outputPaths = (
			);
			runOnlyForDeploymentPostprocessing = 0;
			shellPath = /bin/sh;
			shellScript = "\"${SRCROOT}/Pods/Target Support Files/Pods-syncthing-barTests/Pods-syncthing-barTests-resources.sh\"\n";
			showEnvVarsInLog = 0;
		};
/* End PBXShellScriptBuildPhase section */

/* Begin PBXSourcesBuildPhase section */
		508425491BA234B300607A77 /* Sources */ = {
			isa = PBXSourcesBuildPhase;
			buildActionMask = 2147483647;
			files = (
				503735DA1BA2403F00FE33BC /* SyncthingFolderExtension.swift in Sources */,
				50E3D9601BA2E2D2003E3887 /* SyncthingFolder.swift in Sources */,
				50E3D95E1BA2E2D2003E3887 /* SyncthingFile.swift in Sources */,
				50E3D9581BA2E2AA003E3887 /* SyncthingStatusDataModel.xcdatamodeld in Sources */,
				50E3D95F1BA2E2D2003E3887 /* SyncthingFolder.generated.swift in Sources */,
				50E3D95D1BA2E2D2003E3887 /* SyncthingFile.generated.swift in Sources */,
			);
			runOnlyForDeploymentPostprocessing = 0;
		};
		508425531BA234B400607A77 /* Sources */ = {
			isa = PBXSourcesBuildPhase;
			buildActionMask = 2147483647;
			files = (
				5084255F1BA234B400607A77 /* syncthing_statusTests.swift in Sources */,
			);
			runOnlyForDeploymentPostprocessing = 0;
		};
		50E3D9611BA2EB6B003E3887 /* Sources */ = {
			isa = PBXSourcesBuildPhase;
			buildActionMask = 2147483647;
			files = (
				50E3D96A1BA2EB6B003E3887 /* FinderSync.swift in Sources */,
			);
			runOnlyForDeploymentPostprocessing = 0;
		};
		F1B098FD1A3C40AD00B79D31 /* Sources */ = {
			isa = PBXSourcesBuildPhase;
			buildActionMask = 2147483647;
			files = (
				8310FB891B1F3DB500225E47 /* MonitorRunner.swift in Sources */,
				F1B0992C1A3C77FC00B79D31 /* PortFinder.swift in Sources */,
				F1B0992A1A3C764400B79D31 /* SyncthingRunner.swift in Sources */,
				F1B099281A3C4FA800B79D31 /* LogWindowController.swift in Sources */,
				F1B099071A3C40AD00B79D31 /* AppDelegate.swift in Sources */,
				50F81C9C1B949F5500FD24A3 /* SyncthingActivityMonitor.swift in Sources */,
				F1C594E51A3ED8830048CF9F /* SyncthingLog.swift in Sources */,
				830680B01B1C801700B0B7A7 /* SyncthingSettings.swift in Sources */,
				830680AC1B1C43D100B0B7A7 /* SettingsWindowController.swift in Sources */,
				50A0ED321B40B88600D38320 /* FileSystemWatcher.swift in Sources */,
				F1B020621B39E269006BC805 /* SyncthingBar.swift in Sources */,
				50F81CA01B94A56900FD24A3 /* SyncthingActivityPullMonitor.swift in Sources */,
			);
			runOnlyForDeploymentPostprocessing = 0;
		};
		F1B0990F1A3C40AE00B79D31 /* Sources */ = {
			isa = PBXSourcesBuildPhase;
			buildActionMask = 2147483647;
			files = (
				F1B0205F1B39D057006BC805 /* SyncthingBarTests.swift in Sources */,
			);
			runOnlyForDeploymentPostprocessing = 0;
		};
/* End PBXSourcesBuildPhase section */

/* Begin PBXTargetDependency section */
		5084255A1BA234B400607A77 /* PBXTargetDependency */ = {
			isa = PBXTargetDependency;
			target = 5084254D1BA234B300607A77 /* SyncthingStatus */;
			targetProxy = 508425591BA234B400607A77 /* PBXContainerItemProxy */;
		};
		5084255C1BA234B400607A77 /* PBXTargetDependency */ = {
			isa = PBXTargetDependency;
			target = F1B099001A3C40AD00B79D31 /* syncthing-bar */;
			targetProxy = 5084255B1BA234B400607A77 /* PBXContainerItemProxy */;
		};
		508425621BA234B400607A77 /* PBXTargetDependency */ = {
			isa = PBXTargetDependency;
			target = 5084254D1BA234B300607A77 /* SyncthingStatus */;
			targetProxy = 508425611BA234B400607A77 /* PBXContainerItemProxy */;
		};
		50E3D96D1BA2EB6B003E3887 /* PBXTargetDependency */ = {
			isa = PBXTargetDependency;
			target = 50E3D9641BA2EB6B003E3887 /* finderextension */;
			targetProxy = 50E3D96C1BA2EB6B003E3887 /* PBXContainerItemProxy */;
		};
		F1B099151A3C40AE00B79D31 /* PBXTargetDependency */ = {
			isa = PBXTargetDependency;
			target = F1B099001A3C40AD00B79D31 /* syncthing-bar */;
			targetProxy = F1B099141A3C40AE00B79D31 /* PBXContainerItemProxy */;
		};
/* End PBXTargetDependency section */

/* Begin PBXVariantGroup section */
		F1A4E42B1A4587C300602986 /* Main.storyboard */ = {
			isa = PBXVariantGroup;
			children = (
				F1A4E42C1A4587C300602986 /* Base */,
			);
			name = Main.storyboard;
			path = ..;
			sourceTree = "<group>";
		};
/* End PBXVariantGroup section */

/* Begin XCBuildConfiguration section */
		508425661BA234B400607A77 /* Debug */ = {
			isa = XCBuildConfiguration;
			buildSettings = {
				APPLICATION_EXTENSION_API_ONLY = YES;
				CODE_SIGN_IDENTITY = "Mac Developer";
				COMBINE_HIDPI_IMAGES = YES;
				CURRENT_PROJECT_VERSION = 1;
				DEBUG_INFORMATION_FORMAT = "dwarf-with-dsym";
				DEFINES_MODULE = YES;
				DYLIB_COMPATIBILITY_VERSION = 1;
				DYLIB_CURRENT_VERSION = 1;
				DYLIB_INSTALL_NAME_BASE = "@rpath";
				FRAMEWORK_SEARCH_PATHS = (
					"$(inherited)",
					"$(PROJECT_DIR)/build/Release",
				);
				FRAMEWORK_VERSION = A;
				GCC_NO_COMMON_BLOCKS = YES;
				GENERATE_PROFILING_CODE = YES;
				INFOPLIST_FILE = "syncthing-status/Info.plist";
				INSTALL_PATH = "$(LOCAL_LIBRARY_DIR)/Frameworks";
				LD_RUNPATH_SEARCH_PATHS = "$(inherited) @executable_path/../Frameworks @loader_path/Frameworks";
				PRODUCT_BUNDLE_IDENTIFIER = SyncthingStatus;
				PRODUCT_NAME = "$(TARGET_NAME)";
				SKIP_INSTALL = YES;
				VERSIONING_SYSTEM = "apple-generic";
				VERSION_INFO_PREFIX = "";
			};
			name = Debug;
		};
		508425671BA234B400607A77 /* Release */ = {
			isa = XCBuildConfiguration;
			buildSettings = {
				APPLICATION_EXTENSION_API_ONLY = YES;
				CODE_SIGN_IDENTITY = "Mac Developer";
				COMBINE_HIDPI_IMAGES = YES;
				COPY_PHASE_STRIP = NO;
				CURRENT_PROJECT_VERSION = 1;
				DEFINES_MODULE = YES;
				DYLIB_COMPATIBILITY_VERSION = 1;
				DYLIB_CURRENT_VERSION = 1;
				DYLIB_INSTALL_NAME_BASE = "@rpath";
				ENABLE_TESTABILITY = YES;
				FRAMEWORK_SEARCH_PATHS = (
					"$(inherited)",
					"$(PROJECT_DIR)/build/Release",
				);
				FRAMEWORK_VERSION = A;
				GCC_NO_COMMON_BLOCKS = YES;
				GENERATE_PROFILING_CODE = YES;
				INFOPLIST_FILE = "syncthing-status/Info.plist";
				INSTALL_PATH = "$(LOCAL_LIBRARY_DIR)/Frameworks";
				LD_RUNPATH_SEARCH_PATHS = "$(inherited) @executable_path/../Frameworks @loader_path/Frameworks";
				PRODUCT_BUNDLE_IDENTIFIER = SyncthingStatus;
				PRODUCT_NAME = "$(TARGET_NAME)";
				SKIP_INSTALL = YES;
				VERSIONING_SYSTEM = "apple-generic";
				VERSION_INFO_PREFIX = "";
			};
			name = Release;
		};
		5084256A1BA234B400607A77 /* Debug */ = {
			isa = XCBuildConfiguration;
			buildSettings = {
				COMBINE_HIDPI_IMAGES = YES;
				DEBUG_INFORMATION_FORMAT = dwarf;
				GCC_NO_COMMON_BLOCKS = YES;
				INFOPLIST_FILE = "syncthing-statusTests/Info.plist";
				LD_RUNPATH_SEARCH_PATHS = "$(inherited) @executable_path/../Frameworks @loader_path/../Frameworks";
				PRODUCT_BUNDLE_IDENTIFIER = "com.alyberty.syncthing-statusTests";
				PRODUCT_NAME = "$(TARGET_NAME)";
				TEST_HOST = "$(BUILT_PRODUCTS_DIR)/syncthing-bar.app/Contents/MacOS/syncthing-bar";
			};
			name = Debug;
		};
		5084256B1BA234B400607A77 /* Release */ = {
			isa = XCBuildConfiguration;
			buildSettings = {
				COMBINE_HIDPI_IMAGES = YES;
				COPY_PHASE_STRIP = NO;
				GCC_NO_COMMON_BLOCKS = YES;
				INFOPLIST_FILE = "syncthing-statusTests/Info.plist";
				LD_RUNPATH_SEARCH_PATHS = "$(inherited) @executable_path/../Frameworks @loader_path/../Frameworks";
				PRODUCT_BUNDLE_IDENTIFIER = "com.alyberty.syncthing-statusTests";
				PRODUCT_NAME = "$(TARGET_NAME)";
				TEST_HOST = "$(BUILT_PRODUCTS_DIR)/syncthing-bar.app/Contents/MacOS/syncthing-bar";
			};
			name = Release;
		};
		50E3D9701BA2EB6C003E3887 /* Debug */ = {
			isa = XCBuildConfiguration;
			buildSettings = {
				CODE_SIGN_ENTITLEMENTS = finderextension/finderextension.entitlements;
				CODE_SIGN_IDENTITY = "Mac Developer";
				COMBINE_HIDPI_IMAGES = YES;
				DEBUG_INFORMATION_FORMAT = dwarf;
				GCC_NO_COMMON_BLOCKS = YES;
				INFOPLIST_FILE = finderextension/Info.plist;
				LD_RUNPATH_SEARCH_PATHS = "$(inherited) @executable_path/../Frameworks @executable_path/../../../../Frameworks";
				PRODUCT_BUNDLE_IDENTIFIER = "com.alyberty.syncthing-bar.finderextension";
				PRODUCT_NAME = "$(TARGET_NAME)";
				SKIP_INSTALL = YES;
			};
			name = Debug;
		};
		50E3D9711BA2EB6C003E3887 /* Release */ = {
			isa = XCBuildConfiguration;
			buildSettings = {
				CODE_SIGN_ENTITLEMENTS = finderextension/finderextension.entitlements;
				CODE_SIGN_IDENTITY = "Mac Developer";
				COMBINE_HIDPI_IMAGES = YES;
				COPY_PHASE_STRIP = NO;
				GCC_NO_COMMON_BLOCKS = YES;
				INFOPLIST_FILE = finderextension/Info.plist;
				LD_RUNPATH_SEARCH_PATHS = "$(inherited) @executable_path/../Frameworks @executable_path/../../../../Frameworks";
				PRODUCT_BUNDLE_IDENTIFIER = "com.alyberty.syncthing-bar.finderextension";
				PRODUCT_NAME = "$(TARGET_NAME)";
				SKIP_INSTALL = YES;
			};
			name = Release;
		};
		F1B0991B1A3C40AE00B79D31 /* Debug */ = {
			isa = XCBuildConfiguration;
			buildSettings = {
				ALWAYS_SEARCH_USER_PATHS = NO;
				CLANG_CXX_LANGUAGE_STANDARD = "gnu++0x";
				CLANG_CXX_LIBRARY = "libc++";
				CLANG_ENABLE_MODULES = YES;
				CLANG_ENABLE_OBJC_ARC = YES;
				CLANG_WARN_BOOL_CONVERSION = YES;
				CLANG_WARN_CONSTANT_CONVERSION = YES;
				CLANG_WARN_DIRECT_OBJC_ISA_USAGE = YES_ERROR;
				CLANG_WARN_EMPTY_BODY = YES;
				CLANG_WARN_ENUM_CONVERSION = YES;
				CLANG_WARN_INT_CONVERSION = YES;
				CLANG_WARN_OBJC_ROOT_CLASS = YES_ERROR;
				CLANG_WARN_UNREACHABLE_CODE = YES;
				CLANG_WARN__DUPLICATE_METHOD_MATCH = YES;
				CODE_SIGN_IDENTITY = "-";
				COPY_PHASE_STRIP = NO;
				ENABLE_STRICT_OBJC_MSGSEND = YES;
				ENABLE_TESTABILITY = YES;
				GCC_C_LANGUAGE_STANDARD = gnu99;
				GCC_DYNAMIC_NO_PIC = NO;
				GCC_OPTIMIZATION_LEVEL = 0;
				GCC_PREPROCESSOR_DEFINITIONS = (
					"DEBUG=1",
					"$(inherited)",
				);
				GCC_SYMBOLS_PRIVATE_EXTERN = NO;
				GCC_WARN_64_TO_32_BIT_CONVERSION = YES;
				GCC_WARN_ABOUT_RETURN_TYPE = YES_ERROR;
				GCC_WARN_UNDECLARED_SELECTOR = YES;
				GCC_WARN_UNINITIALIZED_AUTOS = YES_AGGRESSIVE;
				GCC_WARN_UNUSED_FUNCTION = YES;
				GCC_WARN_UNUSED_VARIABLE = YES;
				MACOSX_DEPLOYMENT_TARGET = 10.10;
				MTL_ENABLE_DEBUG_INFO = YES;
				ONLY_ACTIVE_ARCH = YES;
				PRODUCT_MODULE_NAME = "$(PRODUCT_NAME:c99extidentifier)";
				SDKROOT = macosx;
				SWIFT_OPTIMIZATION_LEVEL = "-Onone";
			};
			name = Debug;
		};
		F1B0991C1A3C40AE00B79D31 /* Release */ = {
			isa = XCBuildConfiguration;
			buildSettings = {
				ALWAYS_SEARCH_USER_PATHS = NO;
				CLANG_CXX_LANGUAGE_STANDARD = "gnu++0x";
				CLANG_CXX_LIBRARY = "libc++";
				CLANG_ENABLE_MODULES = YES;
				CLANG_ENABLE_OBJC_ARC = YES;
				CLANG_WARN_BOOL_CONVERSION = YES;
				CLANG_WARN_CONSTANT_CONVERSION = YES;
				CLANG_WARN_DIRECT_OBJC_ISA_USAGE = YES_ERROR;
				CLANG_WARN_EMPTY_BODY = YES;
				CLANG_WARN_ENUM_CONVERSION = YES;
				CLANG_WARN_INT_CONVERSION = YES;
				CLANG_WARN_OBJC_ROOT_CLASS = YES_ERROR;
				CLANG_WARN_UNREACHABLE_CODE = YES;
				CLANG_WARN__DUPLICATE_METHOD_MATCH = YES;
				CODE_SIGN_IDENTITY = "-";
				COPY_PHASE_STRIP = YES;
				DEBUG_INFORMATION_FORMAT = "dwarf-with-dsym";
				ENABLE_NS_ASSERTIONS = NO;
				ENABLE_STRICT_OBJC_MSGSEND = YES;
				GCC_C_LANGUAGE_STANDARD = gnu99;
				GCC_WARN_64_TO_32_BIT_CONVERSION = YES;
				GCC_WARN_ABOUT_RETURN_TYPE = YES_ERROR;
				GCC_WARN_UNDECLARED_SELECTOR = YES;
				GCC_WARN_UNINITIALIZED_AUTOS = YES_AGGRESSIVE;
				GCC_WARN_UNUSED_FUNCTION = YES;
				GCC_WARN_UNUSED_VARIABLE = YES;
				MACOSX_DEPLOYMENT_TARGET = 10.10;
				MTL_ENABLE_DEBUG_INFO = NO;
				PRODUCT_MODULE_NAME = "$(PRODUCT_NAME:c99extidentifier)";
				SDKROOT = macosx;
			};
			name = Release;
		};
		F1B0991E1A3C40AE00B79D31 /* Debug */ = {
			isa = XCBuildConfiguration;
			baseConfigurationReference = C2A8A5B71829731241807EE4 /* Pods-syncthing-bar.debug.xcconfig */;
			buildSettings = {
				ASSETCATALOG_COMPILER_APPICON_NAME = AppIcon;
				CODE_SIGN_ENTITLEMENTS = "syncthing-bar/syncthing-bar.entitlements";
				CODE_SIGN_IDENTITY = "Mac Developer";
				COMBINE_HIDPI_IMAGES = YES;
				EMBEDDED_CONTENT_CONTAINS_SWIFT = YES;
				FRAMEWORK_SEARCH_PATHS = (
					"$(inherited)",
					"$(PROJECT_DIR)/build/Debug/Pods-syncthing-bar",
				);
				INFOPLIST_FILE = "syncthing-bar/Info.plist";
				LD_RUNPATH_SEARCH_PATHS = "$(inherited) @executable_path/../Frameworks";
				MACOSX_DEPLOYMENT_TARGET = 10.10;
				PRODUCT_BUNDLE_IDENTIFIER = "com.alyberty.$(PRODUCT_NAME:rfc1034identifier)";
				PRODUCT_NAME = "$(TARGET_NAME)";
			};
			name = Debug;
		};
		F1B0991F1A3C40AE00B79D31 /* Release */ = {
			isa = XCBuildConfiguration;
			baseConfigurationReference = 97E48F46AAC93341ED71C6AA /* Pods-syncthing-bar.release.xcconfig */;
			buildSettings = {
				ASSETCATALOG_COMPILER_APPICON_NAME = AppIcon;
				CODE_SIGN_ENTITLEMENTS = "syncthing-bar/syncthing-bar.entitlements";
				CODE_SIGN_IDENTITY = "Mac Developer";
				COMBINE_HIDPI_IMAGES = YES;
				EMBEDDED_CONTENT_CONTAINS_SWIFT = YES;
				FRAMEWORK_SEARCH_PATHS = (
					"$(inherited)",
					"$(PROJECT_DIR)/build/Debug/Pods-syncthing-bar",
				);
				INFOPLIST_FILE = "syncthing-bar/Info.plist";
				LD_RUNPATH_SEARCH_PATHS = "$(inherited) @executable_path/../Frameworks";
				MACOSX_DEPLOYMENT_TARGET = 10.10;
				PRODUCT_BUNDLE_IDENTIFIER = "com.alyberty.$(PRODUCT_NAME:rfc1034identifier)";
				PRODUCT_NAME = "$(TARGET_NAME)";
			};
			name = Release;
		};
		F1B099211A3C40AE00B79D31 /* Debug */ = {
			isa = XCBuildConfiguration;
			baseConfigurationReference = 5EC98A7DF4B416468DE498E2 /* Pods-syncthing-barTests.debug.xcconfig */;
			buildSettings = {
				BUNDLE_LOADER = "$(TEST_HOST)";
				COMBINE_HIDPI_IMAGES = YES;
				FRAMEWORK_SEARCH_PATHS = (
					"$(DEVELOPER_FRAMEWORKS_DIR)",
					"$(inherited)",
				);
				GCC_PREPROCESSOR_DEFINITIONS = (
					"DEBUG=1",
					"$(inherited)",
				);
				INFOPLIST_FILE = "syncthing-barTests/Info.plist";
				LD_RUNPATH_SEARCH_PATHS = "$(inherited) @executable_path/../Frameworks @loader_path/../Frameworks";
				PRODUCT_BUNDLE_IDENTIFIER = "koeln.mop.$(PRODUCT_NAME:rfc1034identifier)";
				PRODUCT_NAME = "$(TARGET_NAME)";
				TEST_HOST = "$(BUILT_PRODUCTS_DIR)/syncthing-bar.app/Contents/MacOS/syncthing-bar";
			};
			name = Debug;
		};
		F1B099221A3C40AE00B79D31 /* Release */ = {
			isa = XCBuildConfiguration;
			baseConfigurationReference = CF075EE05B6BBD1BE76F7193 /* Pods-syncthing-barTests.release.xcconfig */;
			buildSettings = {
				BUNDLE_LOADER = "$(TEST_HOST)";
				COMBINE_HIDPI_IMAGES = YES;
				FRAMEWORK_SEARCH_PATHS = (
					"$(DEVELOPER_FRAMEWORKS_DIR)",
					"$(inherited)",
				);
				INFOPLIST_FILE = "syncthing-barTests/Info.plist";
				LD_RUNPATH_SEARCH_PATHS = "$(inherited) @executable_path/../Frameworks @loader_path/../Frameworks";
				PRODUCT_BUNDLE_IDENTIFIER = "koeln.mop.$(PRODUCT_NAME:rfc1034identifier)";
				PRODUCT_NAME = "$(TARGET_NAME)";
				TEST_HOST = "$(BUILT_PRODUCTS_DIR)/syncthing-bar.app/Contents/MacOS/syncthing-bar";
			};
			name = Release;
		};
/* End XCBuildConfiguration section */

/* Begin XCConfigurationList section */
		508425651BA234B400607A77 /* Build configuration list for PBXNativeTarget "SyncthingStatus" */ = {
			isa = XCConfigurationList;
			buildConfigurations = (
				508425661BA234B400607A77 /* Debug */,
				508425671BA234B400607A77 /* Release */,
			);
			defaultConfigurationIsVisible = 0;
			defaultConfigurationName = Release;
		};
		508425691BA234B400607A77 /* Build configuration list for PBXNativeTarget "SyncthingStatusTests" */ = {
			isa = XCConfigurationList;
			buildConfigurations = (
				5084256A1BA234B400607A77 /* Debug */,
				5084256B1BA234B400607A77 /* Release */,
			);
			defaultConfigurationIsVisible = 0;
			defaultConfigurationName = Release;
		};
		50E3D96F1BA2EB6C003E3887 /* Build configuration list for PBXNativeTarget "finderextension" */ = {
			isa = XCConfigurationList;
			buildConfigurations = (
				50E3D9701BA2EB6C003E3887 /* Debug */,
				50E3D9711BA2EB6C003E3887 /* Release */,
			);
			defaultConfigurationIsVisible = 0;
			defaultConfigurationName = Release;
		};
		F1B098FC1A3C40AD00B79D31 /* Build configuration list for PBXProject "syncthing-bar" */ = {
			isa = XCConfigurationList;
			buildConfigurations = (
				F1B0991B1A3C40AE00B79D31 /* Debug */,
				F1B0991C1A3C40AE00B79D31 /* Release */,
			);
			defaultConfigurationIsVisible = 0;
			defaultConfigurationName = Release;
		};
		F1B0991D1A3C40AE00B79D31 /* Build configuration list for PBXNativeTarget "syncthing-bar" */ = {
			isa = XCConfigurationList;
			buildConfigurations = (
				F1B0991E1A3C40AE00B79D31 /* Debug */,
				F1B0991F1A3C40AE00B79D31 /* Release */,
			);
			defaultConfigurationIsVisible = 0;
			defaultConfigurationName = Release;
		};
		F1B099201A3C40AE00B79D31 /* Build configuration list for PBXNativeTarget "syncthing-barTests" */ = {
			isa = XCConfigurationList;
			buildConfigurations = (
				F1B099211A3C40AE00B79D31 /* Debug */,
				F1B099221A3C40AE00B79D31 /* Release */,
			);
			defaultConfigurationIsVisible = 0;
			defaultConfigurationName = Release;
		};
/* End XCConfigurationList section */

/* Begin XCVersionGroup section */
		50E3D9561BA2E2AA003E3887 /* SyncthingStatusDataModel.xcdatamodeld */ = {
			isa = XCVersionGroup;
			children = (
				50E3D9571BA2E2AA003E3887 /* SyncthingStatusDataModel.xcdatamodel */,
			);
			currentVersion = 50E3D9571BA2E2AA003E3887 /* SyncthingStatusDataModel.xcdatamodel */;
			path = SyncthingStatusDataModel.xcdatamodeld;
			sourceTree = "<group>";
			versionGroupType = wrapper.xcdatamodel;
		};
/* End XCVersionGroup section */
	};
	rootObject = F1B098F91A3C40AD00B79D31 /* Project object */;
}
